
Microsoft Visual Studio Solution File, Format Version 12.00
# Visual Studio 2017
Project("{FAE04EC0-301F-11D3-BF4B-00C04F79EFBC}") = "Super tank battles", "Super tank battles.csproj", "{74F5712E-DC80-A409-40B4-FB2BDE14E779}"
EndProject
Global
	GlobalSection(SolutionConfigurationPlatforms) = preSolution
		Debug|Any CPU = Debug|Any CPU
		Release|Any CPU = Release|Any CPU
	EndGlobalSection
	GlobalSection(ProjectConfigurationPlatforms) = postSolution
		{74F5712E-DC80-A409-40B4-FB2BDE14E779}.Debug|Any CPU.ActiveCfg = Debug|Any CPU
		{74F5712E-DC80-A409-40B4-FB2BDE14E779}.Debug|Any CPU.Build.0 = Debug|Any CPU
		{74F5712E-DC80-A409-40B4-FB2BDE14E779}.Release|Any CPU.ActiveCfg = Release|Any CPU
		{74F5712E-DC80-A409-40B4-FB2BDE14E779}.Release|Any CPU.Build.0 = Release|Any CPU
	EndGlobalSection
	GlobalSection(SolutionProperties) = preSolution
		HideSolutionNode = FALSE
	EndGlobalSection
EndGlobal
